# This file was autogenerated by Stack.
# You should not edit this file by hand.
# For more information, please see the documentation at:
#   https://docs.haskellstack.org/en/stable/lock_files

packages:
- completed:
    hackage: polysemy-zoo-0.8.2.0@sha256:bd8f802cb0402082053b3b0b97c8b551b071a14960e6b271a5b78be728b73a24,3952
    pantry-tree:
      sha256: 6ba0b1b3b7390946be95267809be44377b2c15da2fae9904fa763f1cbfcb39fd
      size: 2904
  original:
    hackage: polysemy-zoo-0.8.2.0
- completed:
    hackage: amazonka-2.0@sha256:3481da2fda6b210d15d41c1db7a588adf68123cfb7ea3882797a6230003259db,3505
    pantry-tree:
      sha256: 01c7121bd5e4a3918a71ea6502412292c97facf20c9620f07af96e423d6437e2
      size: 1528
  original:
    hackage: amazonka-2.0
- completed:
    hackage: amazonka-core-2.0@sha256:d9f0533c272ac92bd7b18699077038b6b51b3552e91b65743af4ce646286b4f8,4383
    pantry-tree:
      sha256: 46e7e4de910b08ee2df98db9cda2becf388ce49510024018289a46c43e175ee0
      size: 3222
  original:
    hackage: amazonka-core-2.0
- completed:
    hackage: amazonka-sso-2.0@sha256:902be13b604e4a3b51a9b8e1adc6a32f42322ae11f738a72a8c737b2d0a91a5e,2995
    pantry-tree:
      sha256: f87dd959a78bf54295bd6f8c7da58f7f8f860251d5548ecb05ab758e03cba50b
      size: 1817
  original:
    hackage: amazonka-sso-2.0
- completed:
    hackage: amazonka-sts-2.0@sha256:5c721083e8d80883a893176de6105c27bbbd8176f467c27ac5f8d548a5e726d8,3209
    pantry-tree:
      sha256: bde4691af7cac74e0a3705271b4d3ac05515863bfb6f668112e3f3950a27cb41
      size: 2880
  original:
    hackage: amazonka-sts-2.0
- completed:
    hackage: amazonka-apigatewaymanagementapi-2.0@sha256:84a616519bac3f80010b708c18799122f98a6d9b9d919e0f63e76b5335d0af60,3269
    pantry-tree:
      sha256: 5fd3b945e96ee0adacf11202fbd7f10ffdf56bb54fe3c8dc6f3900fa6c8287af
      size: 1701
  original:
    hackage: amazonka-apigatewaymanagementapi-2.0
- completed:
    hackage: amazonka-s3-2.0@sha256:e3143e11ab9e57ee0dfd9d1dd95a44c5b4a7d34af78c8f5b2e6c00afad118a02,13853
    pantry-tree:
      sha256: 49f801400582ef0ca290312243b55e6e3c540c0c94c1a3110735bc400386fefb
      size: 38690
  original:
    hackage: amazonka-s3-2.0
- completed:
    hackage: amazonka-ses-2.0@sha256:67d02c06510de8f68add5196b813c576133eca4e3ff14fd697933f70adff8197,8022
    pantry-tree:
      sha256: c3fa3cf8a4c008d34526a859d50fca579e301edf1db1fefd70fd9c937d6f4f00
      size: 22928
  original:
    hackage: amazonka-ses-2.0
- completed:
    hackage: amazonka-rds-2.0@sha256:678688f00aacf45a5d637f8053c067c489214e8cf1862ef228904d643fe3a298,13571
    pantry-tree:
      sha256: 9e15f29091371dfee5f684c0d6cc6a468fff39404f459fb78df9caf6d3b69a12
      size: 46592
  original:
    hackage: amazonka-rds-2.0
- completed:
    hackage: hs-opentelemetry-instrumentation-auto-0.1.0.0@sha256:00e6c1298cbf824da224458de6d9c0d40f7847d05905f1a7d680b757f52d0c6a,2291
    pantry-tree:
      sha256: a667f506a40a016c4f7e6f5ce3d7c9235c1631f322c2ca916af8ca03fe95407f
      size: 803
  original:
    hackage: hs-opentelemetry-instrumentation-auto-0.1.0.0
- completed:
    hackage: hs-opentelemetry-api-0.1.0.0@sha256:8af01d0c81dd1af6d3293b105178fd9bfa0057c9eb88ac24d3c440bff660abe3,3705
    pantry-tree:
      sha256: 7c332e7241636097fe199bd87f57db333830bed416296e7ebf944497557f46be
      size: 3221
  original:
    hackage: hs-opentelemetry-api-0.1.0.0
- completed:
    hackage: toml-parser-2.0.0.0@sha256:3c0cc47aa740a8a9d6f01c444cc57d09e1f74f5242479e00947770bf3da6d29e,3811
    pantry-tree:
      sha256: 27ca05b9fe46ed5b36d47c646716e350781e553a70f337a2f36cecde66bbd5a2
      size: 2304
  original:
    hackage: toml-parser-2.0.0.0
- completed:
    hackage: thread-utils-context-0.3.0.4@sha256:e763da1c6cab3b6d378fb670ca74aa9bf03c9b61b6fcf7628c56363fb0e3e71e,1671
    pantry-tree:
      sha256: 57d909a991b5e0b4c7a28121cb52ee9c2db6c09e0419b89af6c82fae52be88d4
      size: 397
  original:
    hackage: thread-utils-context-0.3.0.4
- completed:
    hackage: thread-utils-finalizers-0.1.1.0@sha256:24944b71d9f1d01695a5908b4a3b44838fab870883114a323336d537995e0a5b,1381
    pantry-tree:
      sha256: 8c2c2e2e22c20bf3696ee6f30b50b3a9eeae187a22beb536441eefb0a3f9c549
      size: 400
  original:
    hackage: thread-utils-finalizers-0.1.1.0
snapshots:
- completed:
    sha256: a81fb3877c4f9031e1325eb3935122e608d80715dc16b586eb11ddbff8671ecd
    size: 640086
    url: https://raw.githubusercontent.com/commercialhaskell/stackage-snapshots/master/lts/21/25.yaml
  original: lts-21.25
